// !$*UTF8*$!
{
	archiveVersion = 1;
	classes = {
	};
	objectVersion = 51;
	objects = {

/* Begin PBXBuildFile section */
		4C85895927CA97D7819C6641 /* Pods_DoReMi.framework in Frameworks */ = {isa = PBXBuildFile; fileRef = 76AA33086935200AC9841A5A /* Pods_DoReMi.framework */; };
		756A462F268D331F00F8F081 /* AppDelegate.swift in Sources */ = {isa = PBXBuildFile; fileRef = 756A462E268D331F00F8F081 /* AppDelegate.swift */; };
		756A4631268D331F00F8F081 /* SceneDelegate.swift in Sources */ = {isa = PBXBuildFile; fileRef = 756A4630268D331F00F8F081 /* SceneDelegate.swift */; };
		756A4633268D331F00F8F081 /* HomeViewController.swift in Sources */ = {isa = PBXBuildFile; fileRef = 756A4632268D331F00F8F081 /* HomeViewController.swift */; };
		756A4638268D332000F8F081 /* Assets.xcassets in Resources */ = {isa = PBXBuildFile; fileRef = 756A4637268D332000F8F081 /* Assets.xcassets */; };
		756A463B268D332000F8F081 /* LaunchScreen.storyboard in Resources */ = {isa = PBXBuildFile; fileRef = 756A4639268D332000F8F081 /* LaunchScreen.storyboard */; };
		756A465F268D357600F8F081 /* TabBarViewController.swift in Sources */ = {isa = PBXBuildFile; fileRef = 756A465E268D357600F8F081 /* TabBarViewController.swift */; };
		756A466C268D402100F8F081 /* DiscoverViewController.swift in Sources */ = {isa = PBXBuildFile; fileRef = 756A466B268D402100F8F081 /* DiscoverViewController.swift */; };
		756A466E268D403100F8F081 /* CreateViewController.swift in Sources */ = {isa = PBXBuildFile; fileRef = 756A466D268D403100F8F081 /* CreateViewController.swift */; };
		756A4670268D403C00F8F081 /* WalletViewController.swift in Sources */ = {isa = PBXBuildFile; fileRef = 756A466F268D403C00F8F081 /* WalletViewController.swift */; };
		756A4672268D40D900F8F081 /* ProfileViewController.swift in Sources */ = {isa = PBXBuildFile; fileRef = 756A4671268D40D900F8F081 /* ProfileViewController.swift */; };
		756A4674268E632400F8F081 /* UserListViewController.swift in Sources */ = {isa = PBXBuildFile; fileRef = 756A4673268E632400F8F081 /* UserListViewController.swift */; };
		756A4676268E633300F8F081 /* SignInViewController.swift in Sources */ = {isa = PBXBuildFile; fileRef = 756A4675268E633300F8F081 /* SignInViewController.swift */; };
		756A4678268E633E00F8F081 /* SettingsViewController.swift in Sources */ = {isa = PBXBuildFile; fileRef = 756A4677268E633E00F8F081 /* SettingsViewController.swift */; };
		756A467A268E634E00F8F081 /* SignUpViewController.swift in Sources */ = {isa = PBXBuildFile; fileRef = 756A4679268E634E00F8F081 /* SignUpViewController.swift */; };
		756A467E268E639D00F8F081 /* PostViewController.swift in Sources */ = {isa = PBXBuildFile; fileRef = 756A467D268E639D00F8F081 /* PostViewController.swift */; };
		756A4680268E63B800F8F081 /* APICaller.swift in Sources */ = {isa = PBXBuildFile; fileRef = 756A467F268E63B800F8F081 /* APICaller.swift */; };
		756A4682268E63C700F8F081 /* StorageManager.swift in Sources */ = {isa = PBXBuildFile; fileRef = 756A4681268E63C700F8F081 /* StorageManager.swift */; };
		756A4684268E63D800F8F081 /* DatabaseManager.swift in Sources */ = {isa = PBXBuildFile; fileRef = 756A4683268E63D800F8F081 /* DatabaseManager.swift */; };
		756A4686268E63E800F8F081 /* AuthenticationManager.swift in Sources */ = {isa = PBXBuildFile; fileRef = 756A4685268E63E800F8F081 /* AuthenticationManager.swift */; };
		756A4688268E63F900F8F081 /* HapticsManager.swift in Sources */ = {isa = PBXBuildFile; fileRef = 756A4687268E63F900F8F081 /* HapticsManager.swift */; };
		756A468A268E71F400F8F081 /* GoogleService-Info.plist in Resources */ = {isa = PBXBuildFile; fileRef = 756A4689268E71F400F8F081 /* GoogleService-Info.plist */; };
		75C2A68E269010920009BDD1 /* Extensions.swift in Sources */ = {isa = PBXBuildFile; fileRef = 75C2A68D269010920009BDD1 /* Extensions.swift */; };
		75C2A69026950BC40009BDD1 /* PostModel.swift in Sources */ = {isa = PBXBuildFile; fileRef = 75C2A68F26950BC40009BDD1 /* PostModel.swift */; };
		75C2A69226965D260009BDD1 /* CommentsViewController.swift in Sources */ = {isa = PBXBuildFile; fileRef = 75C2A69126965D260009BDD1 /* CommentsViewController.swift */; };
		75C2A6942696698E0009BDD1 /* PostComment.swift in Sources */ = {isa = PBXBuildFile; fileRef = 75C2A6932696698E0009BDD1 /* PostComment.swift */; };
		75C2A696269669C80009BDD1 /* User.swift in Sources */ = {isa = PBXBuildFile; fileRef = 75C2A695269669C80009BDD1 /* User.swift */; };
		75C2A6982696810B0009BDD1 /* CommentTableViewCell.swift in Sources */ = {isa = PBXBuildFile; fileRef = 75C2A6972696810B0009BDD1 /* CommentTableViewCell.swift */; };
		75C2A69C269F8D580009BDD1 /* video.mp4 in Resources */ = {isa = PBXBuildFile; fileRef = 75C2A69B269F8D580009BDD1 /* video.mp4 */; };
		75C2A69E269F96AA0009BDD1 /* DiscoverSection.swift in Sources */ = {isa = PBXBuildFile; fileRef = 75C2A69D269F96AA0009BDD1 /* DiscoverSection.swift */; };
		75C2A6A0269F97000009BDD1 /* DiscoverCell.swift in Sources */ = {isa = PBXBuildFile; fileRef = 75C2A69F269F97000009BDD1 /* DiscoverCell.swift */; };
		75C2A6A2269F974D0009BDD1 /* DiscoverSectionType.swift in Sources */ = {isa = PBXBuildFile; fileRef = 75C2A6A1269F974D0009BDD1 /* DiscoverSectionType.swift */; };
		75C2A6A4269F99540009BDD1 /* DiscoverBannerViewModel.swift in Sources */ = {isa = PBXBuildFile; fileRef = 75C2A6A3269F99540009BDD1 /* DiscoverBannerViewModel.swift */; };
		75C2A6A6269F99990009BDD1 /* DiscoverPostViewModel.swift in Sources */ = {isa = PBXBuildFile; fileRef = 75C2A6A5269F99990009BDD1 /* DiscoverPostViewModel.swift */; };
		75C2A6A8269F99BF0009BDD1 /* DiscoverHashtagViewModel.swift in Sources */ = {isa = PBXBuildFile; fileRef = 75C2A6A7269F99BF0009BDD1 /* DiscoverHashtagViewModel.swift */; };
		75C2A6AA269F99DF0009BDD1 /* DiscoverUserViewModel.swift in Sources */ = {isa = PBXBuildFile; fileRef = 75C2A6A9269F99DF0009BDD1 /* DiscoverUserViewModel.swift */; };
		75C2A71926A63CE40009BDD1 /* DiscoverManager.swift in Sources */ = {isa = PBXBuildFile; fileRef = 75C2A71826A63CE40009BDD1 /* DiscoverManager.swift */; };
		75C2A71B26A782C50009BDD1 /* explore.json in Resources */ = {isa = PBXBuildFile; fileRef = 75C2A71A26A782C50009BDD1 /* explore.json */; };
		75C2A71D26A78C130009BDD1 /* DiscoverBannerCollectionViewCell.swift in Sources */ = {isa = PBXBuildFile; fileRef = 75C2A71C26A78C130009BDD1 /* DiscoverBannerCollectionViewCell.swift */; };
		75C2A71F26A78C2A0009BDD1 /* DiscoverPostCollectionViewCell.swift in Sources */ = {isa = PBXBuildFile; fileRef = 75C2A71E26A78C2A0009BDD1 /* DiscoverPostCollectionViewCell.swift */; };
		75C2A72126A78C3C0009BDD1 /* DiscoverUserCollectionViewCell.swift in Sources */ = {isa = PBXBuildFile; fileRef = 75C2A72026A78C3C0009BDD1 /* DiscoverUserCollectionViewCell.swift */; };
		75C2A72326A78C570009BDD1 /* DiscoverHashtagCollectionViewCell.swift in Sources */ = {isa = PBXBuildFile; fileRef = 75C2A72226A78C570009BDD1 /* DiscoverHashtagCollectionViewCell.swift */; };
		75C2A72626AE3B0F0009BDD1 /* AuthField.swift in Sources */ = {isa = PBXBuildFile; fileRef = 75C2A72526AE3B0F0009BDD1 /* AuthField.swift */; };
		75C2A72826AE3D1F0009BDD1 /* AuthButton.swift in Sources */ = {isa = PBXBuildFile; fileRef = 75C2A72726AE3D1F0009BDD1 /* AuthButton.swift */; };
		75C2A72A26B0B8750009BDD1 /* RecordButton.swift in Sources */ = {isa = PBXBuildFile; fileRef = 75C2A72926B0B8750009BDD1 /* RecordButton.swift */; };
		75C2A72C26B0C0E40009BDD1 /* CaptionViewController.swift in Sources */ = {isa = PBXBuildFile; fileRef = 75C2A72B26B0C0E40009BDD1 /* CaptionViewController.swift */; };
		75C2A72E26B38D560009BDD1 /* NotificationsViewController.swift in Sources */ = {isa = PBXBuildFile; fileRef = 75C2A72D26B38D560009BDD1 /* NotificationsViewController.swift */; };
		75C2A73026B38E0B0009BDD1 /* MessagesViewController.swift in Sources */ = {isa = PBXBuildFile; fileRef = 75C2A72F26B38E0B0009BDD1 /* MessagesViewController.swift */; };
		75C2A73226B3930F0009BDD1 /* ProfileManager.swift in Sources */ = {isa = PBXBuildFile; fileRef = 75C2A73126B3930F0009BDD1 /* ProfileManager.swift */; };
		75C2A73426B5F4530009BDD1 /* AnimationsManager.swift in Sources */ = {isa = PBXBuildFile; fileRef = 75C2A73326B5F4530009BDD1 /* AnimationsManager.swift */; };
		75C2A73626BB84770009BDD1 /* Notifications.swift in Sources */ = {isa = PBXBuildFile; fileRef = 75C2A73526BB84770009BDD1 /* Notifications.swift */; };
		75C2A73826BB92E00009BDD1 /* NotificationsUserFollowTableViewCell.swift in Sources */ = {isa = PBXBuildFile; fileRef = 75C2A73726BB92E00009BDD1 /* NotificationsUserFollowTableViewCell.swift */; };
		75C2A73C26BB94420009BDD1 /* NotificationsPostLikeTableViewCell.swift in Sources */ = {isa = PBXBuildFile; fileRef = 75C2A73B26BB94420009BDD1 /* NotificationsPostLikeTableViewCell.swift */; };
		75C2A73E26BB946E0009BDD1 /* NotificationsPostCommentTableViewCell.swift in Sources */ = {isa = PBXBuildFile; fileRef = 75C2A73D26BB946E0009BDD1 /* NotificationsPostCommentTableViewCell.swift */; };
/* End PBXBuildFile section */

/* Begin PBXContainerItemProxy section */
		756A4642268D332100F8F081 /* PBXContainerItemProxy */ = {
			isa = PBXContainerItemProxy;
			containerPortal = 756A4623268D331F00F8F081 /* Project object */;
			proxyType = 1;
			remoteGlobalIDString = 756A462A268D331F00F8F081;
			remoteInfo = DoReMi;
		};
		756A464D268D332100F8F081 /* PBXContainerItemProxy */ = {
			isa = PBXContainerItemProxy;
			containerPortal = 756A4623268D331F00F8F081 /* Project object */;
			proxyType = 1;
			remoteGlobalIDString = 756A462A268D331F00F8F081;
			remoteInfo = DoReMi;
		};
/* End PBXContainerItemProxy section */

/* Begin PBXFileReference section */
		62E9C7E57E6F18B0A25FA41B /* Pods-DoReMi.debug.xcconfig */ = {isa = PBXFileReference; includeInIndex = 1; lastKnownFileType = text.xcconfig; name = "Pods-DoReMi.debug.xcconfig"; path = "Target Support Files/Pods-DoReMi/Pods-DoReMi.debug.xcconfig"; sourceTree = "<group>"; };
		756A462B268D331F00F8F081 /* DoReMi.app */ = {isa = PBXFileReference; explicitFileType = wrapper.application; includeInIndex = 0; path = DoReMi.app; sourceTree = BUILT_PRODUCTS_DIR; };
		756A462E268D331F00F8F081 /* AppDelegate.swift */ = {isa = PBXFileReference; lastKnownFileType = sourcecode.swift; path = AppDelegate.swift; sourceTree = "<group>"; };
		756A4630268D331F00F8F081 /* SceneDelegate.swift */ = {isa = PBXFileReference; lastKnownFileType = sourcecode.swift; path = SceneDelegate.swift; sourceTree = "<group>"; };
		756A4632268D331F00F8F081 /* HomeViewController.swift */ = {isa = PBXFileReference; lastKnownFileType = sourcecode.swift; path = HomeViewController.swift; sourceTree = "<group>"; };
		756A4637268D332000F8F081 /* Assets.xcassets */ = {isa = PBXFileReference; lastKnownFileType = folder.assetcatalog; path = Assets.xcassets; sourceTree = "<group>"; };
		756A463A268D332000F8F081 /* Base */ = {isa = PBXFileReference; lastKnownFileType = file.storyboard; name = Base; path = Base.lproj/LaunchScreen.storyboard; sourceTree = "<group>"; };
		756A463C268D332000F8F081 /* Info.plist */ = {isa = PBXFileReference; lastKnownFileType = text.plist.xml; path = Info.plist; sourceTree = "<group>"; };
		756A4641268D332100F8F081 /* DoReMiTests.xctest */ = {isa = PBXFileReference; explicitFileType = wrapper.cfbundle; includeInIndex = 0; path = DoReMiTests.xctest; sourceTree = BUILT_PRODUCTS_DIR; };
		756A464C268D332100F8F081 /* DoReMiUITests.xctest */ = {isa = PBXFileReference; explicitFileType = wrapper.cfbundle; includeInIndex = 0; path = DoReMiUITests.xctest; sourceTree = BUILT_PRODUCTS_DIR; };
		756A465E268D357600F8F081 /* TabBarViewController.swift */ = {isa = PBXFileReference; lastKnownFileType = sourcecode.swift; path = TabBarViewController.swift; sourceTree = "<group>"; };
		756A466B268D402100F8F081 /* DiscoverViewController.swift */ = {isa = PBXFileReference; lastKnownFileType = sourcecode.swift; path = DiscoverViewController.swift; sourceTree = "<group>"; };
		756A466D268D403100F8F081 /* CreateViewController.swift */ = {isa = PBXFileReference; lastKnownFileType = sourcecode.swift; path = CreateViewController.swift; sourceTree = "<group>"; };
		756A466F268D403C00F8F081 /* WalletViewController.swift */ = {isa = PBXFileReference; lastKnownFileType = sourcecode.swift; path = WalletViewController.swift; sourceTree = "<group>"; };
		756A4671268D40D900F8F081 /* ProfileViewController.swift */ = {isa = PBXFileReference; lastKnownFileType = sourcecode.swift; path = ProfileViewController.swift; sourceTree = "<group>"; };
		756A4673268E632400F8F081 /* UserListViewController.swift */ = {isa = PBXFileReference; lastKnownFileType = sourcecode.swift; path = UserListViewController.swift; sourceTree = "<group>"; };
		756A4675268E633300F8F081 /* SignInViewController.swift */ = {isa = PBXFileReference; lastKnownFileType = sourcecode.swift; path = SignInViewController.swift; sourceTree = "<group>"; };
		756A4677268E633E00F8F081 /* SettingsViewController.swift */ = {isa = PBXFileReference; lastKnownFileType = sourcecode.swift; path = SettingsViewController.swift; sourceTree = "<group>"; };
		756A4679268E634E00F8F081 /* SignUpViewController.swift */ = {isa = PBXFileReference; lastKnownFileType = sourcecode.swift; path = SignUpViewController.swift; sourceTree = "<group>"; };
		756A467D268E639D00F8F081 /* PostViewController.swift */ = {isa = PBXFileReference; lastKnownFileType = sourcecode.swift; path = PostViewController.swift; sourceTree = "<group>"; };
		756A467F268E63B800F8F081 /* APICaller.swift */ = {isa = PBXFileReference; lastKnownFileType = sourcecode.swift; path = APICaller.swift; sourceTree = "<group>"; };
		756A4681268E63C700F8F081 /* StorageManager.swift */ = {isa = PBXFileReference; lastKnownFileType = sourcecode.swift; path = StorageManager.swift; sourceTree = "<group>"; };
		756A4683268E63D800F8F081 /* DatabaseManager.swift */ = {isa = PBXFileReference; lastKnownFileType = sourcecode.swift; path = DatabaseManager.swift; sourceTree = "<group>"; };
		756A4685268E63E800F8F081 /* AuthenticationManager.swift */ = {isa = PBXFileReference; lastKnownFileType = sourcecode.swift; path = AuthenticationManager.swift; sourceTree = "<group>"; };
		756A4687268E63F900F8F081 /* HapticsManager.swift */ = {isa = PBXFileReference; lastKnownFileType = sourcecode.swift; path = HapticsManager.swift; sourceTree = "<group>"; };
		756A4689268E71F400F8F081 /* GoogleService-Info.plist */ = {isa = PBXFileReference; lastKnownFileType = text.plist; name = "GoogleService-Info.plist"; path = "DoReMi/GoogleService-Info.plist"; sourceTree = SOURCE_ROOT; };
		756A468D268E73CC00F8F081 /* Pods */ = {isa = PBXFileReference; lastKnownFileType = text; path = Pods; sourceTree = SOURCE_ROOT; };
		75C2A68D269010920009BDD1 /* Extensions.swift */ = {isa = PBXFileReference; lastKnownFileType = sourcecode.swift; path = Extensions.swift; sourceTree = "<group>"; };
		75C2A68F26950BC40009BDD1 /* PostModel.swift */ = {isa = PBXFileReference; lastKnownFileType = sourcecode.swift; path = PostModel.swift; sourceTree = "<group>"; };
		75C2A69126965D260009BDD1 /* CommentsViewController.swift */ = {isa = PBXFileReference; lastKnownFileType = sourcecode.swift; path = CommentsViewController.swift; sourceTree = "<group>"; };
		75C2A6932696698E0009BDD1 /* PostComment.swift */ = {isa = PBXFileReference; lastKnownFileType = sourcecode.swift; path = PostComment.swift; sourceTree = "<group>"; };
		75C2A695269669C80009BDD1 /* User.swift */ = {isa = PBXFileReference; lastKnownFileType = sourcecode.swift; path = User.swift; sourceTree = "<group>"; };
		75C2A6972696810B0009BDD1 /* CommentTableViewCell.swift */ = {isa = PBXFileReference; lastKnownFileType = sourcecode.swift; path = CommentTableViewCell.swift; sourceTree = "<group>"; };
		75C2A69B269F8D580009BDD1 /* video.mp4 */ = {isa = PBXFileReference; lastKnownFileType = file; name = video.mp4; path = ../../../video.mp4; sourceTree = "<group>"; };
		75C2A69D269F96AA0009BDD1 /* DiscoverSection.swift */ = {isa = PBXFileReference; lastKnownFileType = sourcecode.swift; path = DiscoverSection.swift; sourceTree = "<group>"; };
		75C2A69F269F97000009BDD1 /* DiscoverCell.swift */ = {isa = PBXFileReference; lastKnownFileType = sourcecode.swift; path = DiscoverCell.swift; sourceTree = "<group>"; };
		75C2A6A1269F974D0009BDD1 /* DiscoverSectionType.swift */ = {isa = PBXFileReference; lastKnownFileType = sourcecode.swift; path = DiscoverSectionType.swift; sourceTree = "<group>"; };
		75C2A6A3269F99540009BDD1 /* DiscoverBannerViewModel.swift */ = {isa = PBXFileReference; lastKnownFileType = sourcecode.swift; path = DiscoverBannerViewModel.swift; sourceTree = "<group>"; };
		75C2A6A5269F99990009BDD1 /* DiscoverPostViewModel.swift */ = {isa = PBXFileReference; lastKnownFileType = sourcecode.swift; path = DiscoverPostViewModel.swift; sourceTree = "<group>"; };
		75C2A6A7269F99BF0009BDD1 /* DiscoverHashtagViewModel.swift */ = {isa = PBXFileReference; lastKnownFileType = sourcecode.swift; path = DiscoverHashtagViewModel.swift; sourceTree = "<group>"; };
		75C2A6A9269F99DF0009BDD1 /* DiscoverUserViewModel.swift */ = {isa = PBXFileReference; lastKnownFileType = sourcecode.swift; path = DiscoverUserViewModel.swift; sourceTree = "<group>"; };
		75C2A71826A63CE40009BDD1 /* DiscoverManager.swift */ = {isa = PBXFileReference; lastKnownFileType = sourcecode.swift; path = DiscoverManager.swift; sourceTree = "<group>"; };
		75C2A71A26A782C50009BDD1 /* explore.json */ = {isa = PBXFileReference; fileEncoding = 4; lastKnownFileType = text.json; name = explore.json; path = ../../../explore.json; sourceTree = "<group>"; };
		75C2A71C26A78C130009BDD1 /* DiscoverBannerCollectionViewCell.swift */ = {isa = PBXFileReference; lastKnownFileType = sourcecode.swift; path = DiscoverBannerCollectionViewCell.swift; sourceTree = "<group>"; };
		75C2A71E26A78C2A0009BDD1 /* DiscoverPostCollectionViewCell.swift */ = {isa = PBXFileReference; lastKnownFileType = sourcecode.swift; path = DiscoverPostCollectionViewCell.swift; sourceTree = "<group>"; };
		75C2A72026A78C3C0009BDD1 /* DiscoverUserCollectionViewCell.swift */ = {isa = PBXFileReference; lastKnownFileType = sourcecode.swift; path = DiscoverUserCollectionViewCell.swift; sourceTree = "<group>"; };
		75C2A72226A78C570009BDD1 /* DiscoverHashtagCollectionViewCell.swift */ = {isa = PBXFileReference; lastKnownFileType = sourcecode.swift; path = DiscoverHashtagCollectionViewCell.swift; sourceTree = "<group>"; };
		75C2A72526AE3B0F0009BDD1 /* AuthField.swift */ = {isa = PBXFileReference; lastKnownFileType = sourcecode.swift; path = AuthField.swift; sourceTree = "<group>"; };
		75C2A72726AE3D1F0009BDD1 /* AuthButton.swift */ = {isa = PBXFileReference; lastKnownFileType = sourcecode.swift; path = AuthButton.swift; sourceTree = "<group>"; };
		75C2A72926B0B8750009BDD1 /* RecordButton.swift */ = {isa = PBXFileReference; lastKnownFileType = sourcecode.swift; path = RecordButton.swift; sourceTree = "<group>"; };
		75C2A72B26B0C0E40009BDD1 /* CaptionViewController.swift */ = {isa = PBXFileReference; lastKnownFileType = sourcecode.swift; path = CaptionViewController.swift; sourceTree = "<group>"; };
		75C2A72D26B38D560009BDD1 /* NotificationsViewController.swift */ = {isa = PBXFileReference; lastKnownFileType = sourcecode.swift; path = NotificationsViewController.swift; sourceTree = "<group>"; };
		75C2A72F26B38E0B0009BDD1 /* MessagesViewController.swift */ = {isa = PBXFileReference; lastKnownFileType = sourcecode.swift; path = MessagesViewController.swift; sourceTree = "<group>"; };
		75C2A73126B3930F0009BDD1 /* ProfileManager.swift */ = {isa = PBXFileReference; lastKnownFileType = sourcecode.swift; path = ProfileManager.swift; sourceTree = "<group>"; };
		75C2A73326B5F4530009BDD1 /* AnimationsManager.swift */ = {isa = PBXFileReference; lastKnownFileType = sourcecode.swift; path = AnimationsManager.swift; sourceTree = "<group>"; };
		75C2A73526BB84770009BDD1 /* Notifications.swift */ = {isa = PBXFileReference; lastKnownFileType = sourcecode.swift; path = Notifications.swift; sourceTree = "<group>"; };
		75C2A73726BB92E00009BDD1 /* NotificationsUserFollowTableViewCell.swift */ = {isa = PBXFileReference; lastKnownFileType = sourcecode.swift; path = NotificationsUserFollowTableViewCell.swift; sourceTree = "<group>"; };
		75C2A73B26BB94420009BDD1 /* NotificationsPostLikeTableViewCell.swift */ = {isa = PBXFileReference; lastKnownFileType = sourcecode.swift; path = NotificationsPostLikeTableViewCell.swift; sourceTree = "<group>"; };
		75C2A73D26BB946E0009BDD1 /* NotificationsPostCommentTableViewCell.swift */ = {isa = PBXFileReference; lastKnownFileType = sourcecode.swift; path = NotificationsPostCommentTableViewCell.swift; sourceTree = "<group>"; };
		76AA33086935200AC9841A5A /* Pods_DoReMi.framework */ = {isa = PBXFileReference; explicitFileType = wrapper.framework; includeInIndex = 0; path = Pods_DoReMi.framework; sourceTree = BUILT_PRODUCTS_DIR; };
		A4A71F1E452391898E187332 /* Pods-DoReMi.release.xcconfig */ = {isa = PBXFileReference; includeInIndex = 1; lastKnownFileType = text.xcconfig; name = "Pods-DoReMi.release.xcconfig"; path = "Target Support Files/Pods-DoReMi/Pods-DoReMi.release.xcconfig"; sourceTree = "<group>"; };
/* End PBXFileReference section */

/* Begin PBXFrameworksBuildPhase section */
		756A4628268D331F00F8F081 /* Frameworks */ = {
			isa = PBXFrameworksBuildPhase;
			buildActionMask = 2147483647;
			files = (
				4C85895927CA97D7819C6641 /* Pods_DoReMi.framework in Frameworks */,
			);
			runOnlyForDeploymentPostprocessing = 0;
		};
		756A463E268D332100F8F081 /* Frameworks */ = {
			isa = PBXFrameworksBuildPhase;
			buildActionMask = 2147483647;
			files = (
			);
			runOnlyForDeploymentPostprocessing = 0;
		};
		756A4649268D332100F8F081 /* Frameworks */ = {
			isa = PBXFrameworksBuildPhase;
			buildActionMask = 2147483647;
			files = (
			);
			runOnlyForDeploymentPostprocessing = 0;
		};
/* End PBXFrameworksBuildPhase section */

/* Begin PBXGroup section */
		12A8C80002B8B4ACE6623548 /* Frameworks */ = {
			isa = PBXGroup;
			children = (
				76AA33086935200AC9841A5A /* Pods_DoReMi.framework */,
			);
			name = Frameworks;
			sourceTree = "<group>";
		};
		756A4622268D331F00F8F081 = {
			isa = PBXGroup;
			children = (
				756A462D268D331F00F8F081 /* DoReMi */,
				756A462C268D331F00F8F081 /* Products */,
				EBFA8236656C0A3A6371D777 /* Pods */,
				12A8C80002B8B4ACE6623548 /* Frameworks */,
			);
			sourceTree = "<group>";
		};
		756A462C268D331F00F8F081 /* Products */ = {
			isa = PBXGroup;
			children = (
				756A462B268D331F00F8F081 /* DoReMi.app */,
				756A4641268D332100F8F081 /* DoReMiTests.xctest */,
				756A464C268D332100F8F081 /* DoReMiUITests.xctest */,
			);
			name = Products;
			sourceTree = "<group>";
		};
		756A462D268D331F00F8F081 /* DoReMi */ = {
			isa = PBXGroup;
			children = (
				756A468D268E73CC00F8F081 /* Pods */,
				756A4668268D3F4E00F8F081 /* Managers */,
				756A4665268D3ECF00F8F081 /* ViewModels */,
				756A4663268D3EB500F8F081 /* Models */,
				756A4662268D3E9C00F8F081 /* Views */,
				756A4661268D3E9000F8F081 /* Controllers */,
				756A4660268D3E7000F8F081 /* Resources */,
				756A463C268D332000F8F081 /* Info.plist */,
			);
			path = DoReMi;
			sourceTree = "<group>";
		};
		756A4660268D3E7000F8F081 /* Resources */ = {
			isa = PBXGroup;
			children = (
				75C2A71A26A782C50009BDD1 /* explore.json */,
				75C2A69B269F8D580009BDD1 /* video.mp4 */,
				756A4689268E71F400F8F081 /* GoogleService-Info.plist */,
				756A4637268D332000F8F081 /* Assets.xcassets */,
				756A462E268D331F00F8F081 /* AppDelegate.swift */,
				756A4630268D331F00F8F081 /* SceneDelegate.swift */,
				75C2A68D269010920009BDD1 /* Extensions.swift */,
			);
			path = Resources;
			sourceTree = "<group>";
		};
		756A4661268D3E9000F8F081 /* Controllers */ = {
			isa = PBXGroup;
			children = (
				756A466A268D3FF600F8F081 /* Other */,
				756A4669268D3FEC00F8F081 /* Core */,
			);
			path = Controllers;
			sourceTree = "<group>";
		};
		756A4662268D3E9C00F8F081 /* Views */ = {
			isa = PBXGroup;
			children = (
				756A467C268E637A00F8F081 /* Other */,
				756A467B268E636800F8F081 /* Storyboards */,
			);
			path = Views;
			sourceTree = "<group>";
		};
		756A4663268D3EB500F8F081 /* Models */ = {
			isa = PBXGroup;
			children = (
				75C2A68F26950BC40009BDD1 /* PostModel.swift */,
				75C2A6932696698E0009BDD1 /* PostComment.swift */,
				75C2A695269669C80009BDD1 /* User.swift */,
				75C2A69D269F96AA0009BDD1 /* DiscoverSection.swift */,
				75C2A69F269F97000009BDD1 /* DiscoverCell.swift */,
				75C2A6A1269F974D0009BDD1 /* DiscoverSectionType.swift */,
				75C2A73526BB84770009BDD1 /* Notifications.swift */,
			);
			path = Models;
			sourceTree = "<group>";
		};
		756A4665268D3ECF00F8F081 /* ViewModels */ = {
			isa = PBXGroup;
			children = (
				75C2A6A3269F99540009BDD1 /* DiscoverBannerViewModel.swift */,
				75C2A6A5269F99990009BDD1 /* DiscoverPostViewModel.swift */,
				75C2A6A7269F99BF0009BDD1 /* DiscoverHashtagViewModel.swift */,
				75C2A6A9269F99DF0009BDD1 /* DiscoverUserViewModel.swift */,
			);
			path = ViewModels;
			sourceTree = "<group>";
		};
		756A4668268D3F4E00F8F081 /* Managers */ = {
			isa = PBXGroup;
			children = (
				756A467F268E63B800F8F081 /* APICaller.swift */,
				75C2A73326B5F4530009BDD1 /* AnimationsManager.swift */,
				756A4685268E63E800F8F081 /* AuthenticationManager.swift */,
				756A4683268E63D800F8F081 /* DatabaseManager.swift */,
				75C2A71826A63CE40009BDD1 /* DiscoverManager.swift */,
				756A4687268E63F900F8F081 /* HapticsManager.swift */,
				75C2A73126B3930F0009BDD1 /* ProfileManager.swift */,
				756A4681268E63C700F8F081 /* StorageManager.swift */,
			);
			path = Managers;
			sourceTree = "<group>";
		};
		756A4669268D3FEC00F8F081 /* Core */ = {
			isa = PBXGroup;
			children = (
				756A465E268D357600F8F081 /* TabBarViewController.swift */,
				756A4632268D331F00F8F081 /* HomeViewController.swift */,
				756A466B268D402100F8F081 /* DiscoverViewController.swift */,
				756A466D268D403100F8F081 /* CreateViewController.swift */,
				756A466F268D403C00F8F081 /* WalletViewController.swift */,
				756A4671268D40D900F8F081 /* ProfileViewController.swift */,
			);
			path = Core;
			sourceTree = "<group>";
		};
		756A466A268D3FF600F8F081 /* Other */ = {
			isa = PBXGroup;
			children = (
				75C2A72426AE35840009BDD1 /* Authentication */,
				756A4673268E632400F8F081 /* UserListViewController.swift */,
				756A4677268E633E00F8F081 /* SettingsViewController.swift */,
				756A467D268E639D00F8F081 /* PostViewController.swift */,
				75C2A69126965D260009BDD1 /* CommentsViewController.swift */,
				75C2A72B26B0C0E40009BDD1 /* CaptionViewController.swift */,
				75C2A72D26B38D560009BDD1 /* NotificationsViewController.swift */,
				75C2A72F26B38E0B0009BDD1 /* MessagesViewController.swift */,
			);
			path = Other;
			sourceTree = "<group>";
		};
		756A467B268E636800F8F081 /* Storyboards */ = {
			isa = PBXGroup;
			children = (
				756A4639268D332000F8F081 /* LaunchScreen.storyboard */,
			);
			path = Storyboards;
			sourceTree = "<group>";
		};
		756A467C268E637A00F8F081 /* Other */ = {
			isa = PBXGroup;
			children = (
				75C2A73926BB93DC0009BDD1 /* Auth */,
				75C2A73A26BB93FF0009BDD1 /* Discover */,
				75C2A74026BB94A20009BDD1 /* Notifications */,
				75C2A6972696810B0009BDD1 /* CommentTableViewCell.swift */,
				75C2A72926B0B8750009BDD1 /* RecordButton.swift */,
			);
			path = Other;
			sourceTree = "<group>";
		};
		75C2A72426AE35840009BDD1 /* Authentication */ = {
			isa = PBXGroup;
			children = (
				756A4675268E633300F8F081 /* SignInViewController.swift */,
				756A4679268E634E00F8F081 /* SignUpViewController.swift */,
			);
			path = Authentication;
			sourceTree = "<group>";
		};
		75C2A73926BB93DC0009BDD1 /* Auth */ = {
			isa = PBXGroup;
			children = (
				75C2A72526AE3B0F0009BDD1 /* AuthField.swift */,
				75C2A72726AE3D1F0009BDD1 /* AuthButton.swift */,
			);
			path = Auth;
			sourceTree = "<group>";
		};
		75C2A73A26BB93FF0009BDD1 /* Discover */ = {
			isa = PBXGroup;
			children = (
				75C2A71C26A78C130009BDD1 /* DiscoverBannerCollectionViewCell.swift */,
				75C2A71E26A78C2A0009BDD1 /* DiscoverPostCollectionViewCell.swift */,
				75C2A72026A78C3C0009BDD1 /* DiscoverUserCollectionViewCell.swift */,
				75C2A72226A78C570009BDD1 /* DiscoverHashtagCollectionViewCell.swift */,
			);
			path = Discover;
			sourceTree = "<group>";
		};
		75C2A74026BB94A20009BDD1 /* Notifications */ = {
			isa = PBXGroup;
			children = (
				75C2A73726BB92E00009BDD1 /* NotificationsUserFollowTableViewCell.swift */,
				75C2A73B26BB94420009BDD1 /* NotificationsPostLikeTableViewCell.swift */,
				75C2A73D26BB946E0009BDD1 /* NotificationsPostCommentTableViewCell.swift */,
			);
			path = Notifications;
			sourceTree = "<group>";
		};
		EBFA8236656C0A3A6371D777 /* Pods */ = {
			isa = PBXGroup;
			children = (
				62E9C7E57E6F18B0A25FA41B /* Pods-DoReMi.debug.xcconfig */,
				A4A71F1E452391898E187332 /* Pods-DoReMi.release.xcconfig */,
			);
			path = Pods;
			sourceTree = "<group>";
		};
/* End PBXGroup section */

/* Begin PBXNativeTarget section */
		756A462A268D331F00F8F081 /* DoReMi */ = {
			isa = PBXNativeTarget;
			buildConfigurationList = 756A4655268D332100F8F081 /* Build configuration list for PBXNativeTarget "DoReMi" */;
			buildPhases = (
				B27C325F3BEAEF1F0EDC23B4 /* [CP] Check Pods Manifest.lock */,
				756A4627268D331F00F8F081 /* Sources */,
				756A4628268D331F00F8F081 /* Frameworks */,
				756A4629268D331F00F8F081 /* Resources */,
				D1218171EFA9E16459EFD50E /* [CP] Embed Pods Frameworks */,
				75C2A68C268FA92D0009BDD1 /* ShellScript */,
			);
			buildRules = (
			);
			dependencies = (
			);
			name = DoReMi;
			productName = DoReMi;
			productReference = 756A462B268D331F00F8F081 /* DoReMi.app */;
			productType = "com.apple.product-type.application";
		};
		756A4640268D332100F8F081 /* DoReMiTests */ = {
			isa = PBXNativeTarget;
			buildConfigurationList = 756A4658268D332100F8F081 /* Build configuration list for PBXNativeTarget "DoReMiTests" */;
			buildPhases = (
				756A463D268D332100F8F081 /* Sources */,
				756A463E268D332100F8F081 /* Frameworks */,
				756A463F268D332100F8F081 /* Resources */,
			);
			buildRules = (
			);
			dependencies = (
				756A4643268D332100F8F081 /* PBXTargetDependency */,
			);
			name = DoReMiTests;
			productName = DoReMiTests;
			productReference = 756A4641268D332100F8F081 /* DoReMiTests.xctest */;
			productType = "com.apple.product-type.bundle.unit-test";
		};
		756A464B268D332100F8F081 /* DoReMiUITests */ = {
			isa = PBXNativeTarget;
			buildConfigurationList = 756A465B268D332100F8F081 /* Build configuration list for PBXNativeTarget "DoReMiUITests" */;
			buildPhases = (
				756A4648268D332100F8F081 /* Sources */,
				756A4649268D332100F8F081 /* Frameworks */,
				756A464A268D332100F8F081 /* Resources */,
			);
			buildRules = (
			);
			dependencies = (
				756A464E268D332100F8F081 /* PBXTargetDependency */,
			);
			name = DoReMiUITests;
			productName = DoReMiUITests;
			productReference = 756A464C268D332100F8F081 /* DoReMiUITests.xctest */;
			productType = "com.apple.product-type.bundle.ui-testing";
		};
/* End PBXNativeTarget section */

/* Begin PBXProject section */
		756A4623268D331F00F8F081 /* Project object */ = {
			isa = PBXProject;
			attributes = {
				LastSwiftUpdateCheck = 1250;
				LastUpgradeCheck = 1250;
				TargetAttributes = {
					756A462A268D331F00F8F081 = {
						CreatedOnToolsVersion = 12.5.1;
					};
					756A4640268D332100F8F081 = {
						CreatedOnToolsVersion = 12.5.1;
						TestTargetID = 756A462A268D331F00F8F081;
					};
					756A464B268D332100F8F081 = {
						CreatedOnToolsVersion = 12.5.1;
						TestTargetID = 756A462A268D331F00F8F081;
					};
				};
			};
			buildConfigurationList = 756A4626268D331F00F8F081 /* Build configuration list for PBXProject "DoReMi" */;
			compatibilityVersion = "Xcode 9.3";
			developmentRegion = en;
			hasScannedForEncodings = 0;
			knownRegions = (
				en,
				Base,
			);
			mainGroup = 756A4622268D331F00F8F081;
			productRefGroup = 756A462C268D331F00F8F081 /* Products */;
			projectDirPath = "";
			projectRoot = "";
			targets = (
				756A462A268D331F00F8F081 /* DoReMi */,
				756A4640268D332100F8F081 /* DoReMiTests */,
				756A464B268D332100F8F081 /* DoReMiUITests */,
			);
		};
/* End PBXProject section */

/* Begin PBXResourcesBuildPhase section */
		756A4629268D331F00F8F081 /* Resources */ = {
			isa = PBXResourcesBuildPhase;
			buildActionMask = 2147483647;
			files = (
				75C2A71B26A782C50009BDD1 /* explore.json in Resources */,
				75C2A69C269F8D580009BDD1 /* video.mp4 in Resources */,
				756A463B268D332000F8F081 /* LaunchScreen.storyboard in Resources */,
				756A4638268D332000F8F081 /* Assets.xcassets in Resources */,
				756A468A268E71F400F8F081 /* GoogleService-Info.plist in Resources */,
			);
			runOnlyForDeploymentPostprocessing = 0;
		};
		756A463F268D332100F8F081 /* Resources */ = {
			isa = PBXResourcesBuildPhase;
			buildActionMask = 2147483647;
			files = (
			);
			runOnlyForDeploymentPostprocessing = 0;
		};
		756A464A268D332100F8F081 /* Resources */ = {
			isa = PBXResourcesBuildPhase;
			buildActionMask = 2147483647;
			files = (
			);
			runOnlyForDeploymentPostprocessing = 0;
		};
/* End PBXResourcesBuildPhase section */

/* Begin PBXShellScriptBuildPhase section */
		75C2A68C268FA92D0009BDD1 /* ShellScript */ = {
			isa = PBXShellScriptBuildPhase;
			buildActionMask = 2147483647;
			files = (
			);
			inputFileListPaths = (
			);
			inputPaths = (
				"${DWARF_DSYM_FOLDER_PATH}/${DWARF_DSYM_FILE_NAME}/Contents/Resources/DWARF/${TARGET_NAME}",
				"$(SRCROOT)/$(BUILT_PRODUCTS_DIR)/$(INFOPLIST_PATH)",
			);
			outputFileListPaths = (
			);
			outputPaths = (
			);
			runOnlyForDeploymentPostprocessing = 0;
			shellPath = /bin/sh;
			shellScript = "\"${PODS_ROOT}/FirebaseCrashlytics/run\"\n";
		};
		B27C325F3BEAEF1F0EDC23B4 /* [CP] Check Pods Manifest.lock */ = {
			isa = PBXShellScriptBuildPhase;
			buildActionMask = 2147483647;
			files = (
			);
			inputFileListPaths = (
			);
			inputPaths = (
				"${PODS_PODFILE_DIR_PATH}/Podfile.lock",
				"${PODS_ROOT}/Manifest.lock",
			);
			name = "[CP] Check Pods Manifest.lock";
			outputFileListPaths = (
			);
			outputPaths = (
				"$(DERIVED_FILE_DIR)/Pods-DoReMi-checkManifestLockResult.txt",
			);
			runOnlyForDeploymentPostprocessing = 0;
			shellPath = /bin/sh;
			shellScript = "diff \"${PODS_PODFILE_DIR_PATH}/Podfile.lock\" \"${PODS_ROOT}/Manifest.lock\" > /dev/null\nif [ $? != 0 ] ; then\n    # print error to STDERR\n    echo \"error: The sandbox is not in sync with the Podfile.lock. Run 'pod install' or update your CocoaPods installation.\" >&2\n    exit 1\nfi\n# This output is used by Xcode 'outputs' to avoid re-running this script phase.\necho \"SUCCESS\" > \"${SCRIPT_OUTPUT_FILE_0}\"\n";
			showEnvVarsInLog = 0;
		};
		D1218171EFA9E16459EFD50E /* [CP] Embed Pods Frameworks */ = {
			isa = PBXShellScriptBuildPhase;
			buildActionMask = 2147483647;
			files = (
			);
			inputFileListPaths = (
				"${PODS_ROOT}/Target Support Files/Pods-DoReMi/Pods-DoReMi-frameworks-${CONFIGURATION}-input-files.xcfilelist",
			);
			name = "[CP] Embed Pods Frameworks";
			outputFileListPaths = (
				"${PODS_ROOT}/Target Support Files/Pods-DoReMi/Pods-DoReMi-frameworks-${CONFIGURATION}-output-files.xcfilelist",
			);
			runOnlyForDeploymentPostprocessing = 0;
			shellPath = /bin/sh;
			shellScript = "\"${PODS_ROOT}/Target Support Files/Pods-DoReMi/Pods-DoReMi-frameworks.sh\"\n";
			showEnvVarsInLog = 0;
		};
/* End PBXShellScriptBuildPhase section */

/* Begin PBXSourcesBuildPhase section */
		756A4627268D331F00F8F081 /* Sources */ = {
			isa = PBXSourcesBuildPhase;
			buildActionMask = 2147483647;
			files = (
				756A4688268E63F900F8F081 /* HapticsManager.swift in Sources */,
				75C2A69026950BC40009BDD1 /* PostModel.swift in Sources */,
				75C2A71D26A78C130009BDD1 /* DiscoverBannerCollectionViewCell.swift in Sources */,
				756A4684268E63D800F8F081 /* DatabaseManager.swift in Sources */,
				756A465F268D357600F8F081 /* TabBarViewController.swift in Sources */,
				756A4633268D331F00F8F081 /* HomeViewController.swift in Sources */,
				756A4678268E633E00F8F081 /* SettingsViewController.swift in Sources */,
				75C2A72826AE3D1F0009BDD1 /* AuthButton.swift in Sources */,
				756A4680268E63B800F8F081 /* APICaller.swift in Sources */,
				756A467E268E639D00F8F081 /* PostViewController.swift in Sources */,
				75C2A71F26A78C2A0009BDD1 /* DiscoverPostCollectionViewCell.swift in Sources */,
				75C2A68E269010920009BDD1 /* Extensions.swift in Sources */,
				756A4670268D403C00F8F081 /* WalletViewController.swift in Sources */,
				75C2A71926A63CE40009BDD1 /* DiscoverManager.swift in Sources */,
				75C2A6A8269F99BF0009BDD1 /* DiscoverHashtagViewModel.swift in Sources */,
				75C2A72126A78C3C0009BDD1 /* DiscoverUserCollectionViewCell.swift in Sources */,
				75C2A72626AE3B0F0009BDD1 /* AuthField.swift in Sources */,
				75C2A72A26B0B8750009BDD1 /* RecordButton.swift in Sources */,
				756A466E268D403100F8F081 /* CreateViewController.swift in Sources */,
				75C2A72C26B0C0E40009BDD1 /* CaptionViewController.swift in Sources */,
				75C2A73826BB92E00009BDD1 /* NotificationsUserFollowTableViewCell.swift in Sources */,
				75C2A73426B5F4530009BDD1 /* AnimationsManager.swift in Sources */,
				75C2A6AA269F99DF0009BDD1 /* DiscoverUserViewModel.swift in Sources */,
				756A462F268D331F00F8F081 /* AppDelegate.swift in Sources */,
				756A467A268E634E00F8F081 /* SignUpViewController.swift in Sources */,
				756A4686268E63E800F8F081 /* AuthenticationManager.swift in Sources */,
				75C2A69226965D260009BDD1 /* CommentsViewController.swift in Sources */,
				75C2A69E269F96AA0009BDD1 /* DiscoverSection.swift in Sources */,
				75C2A6942696698E0009BDD1 /* PostComment.swift in Sources */,
				756A4674268E632400F8F081 /* UserListViewController.swift in Sources */,
				75C2A6A2269F974D0009BDD1 /* DiscoverSectionType.swift in Sources */,
				75C2A73626BB84770009BDD1 /* Notifications.swift in Sources */,
				75C2A6A0269F97000009BDD1 /* DiscoverCell.swift in Sources */,
				75C2A72E26B38D560009BDD1 /* NotificationsViewController.swift in Sources */,
				756A4631268D331F00F8F081 /* SceneDelegate.swift in Sources */,
				756A4672268D40D900F8F081 /* ProfileViewController.swift in Sources */,
				75C2A72326A78C570009BDD1 /* DiscoverHashtagCollectionViewCell.swift in Sources */,
				75C2A6982696810B0009BDD1 /* CommentTableViewCell.swift in Sources */,
				756A4682268E63C700F8F081 /* StorageManager.swift in Sources */,
				75C2A73026B38E0B0009BDD1 /* MessagesViewController.swift in Sources */,
				756A4676268E633300F8F081 /* SignInViewController.swift in Sources */,
				75C2A73C26BB94420009BDD1 /* NotificationsPostLikeTableViewCell.swift in Sources */,
				75C2A73226B3930F0009BDD1 /* ProfileManager.swift in Sources */,
				75C2A6A4269F99540009BDD1 /* DiscoverBannerViewModel.swift in Sources */,
				75C2A73E26BB946E0009BDD1 /* NotificationsPostCommentTableViewCell.swift in Sources */,
				756A466C268D402100F8F081 /* DiscoverViewController.swift in Sources */,
				75C2A6A6269F99990009BDD1 /* DiscoverPostViewModel.swift in Sources */,
				75C2A696269669C80009BDD1 /* User.swift in Sources */,
			);
			runOnlyForDeploymentPostprocessing = 0;
		};
		756A463D268D332100F8F081 /* Sources */ = {
			isa = PBXSourcesBuildPhase;
			buildActionMask = 2147483647;
			files = (
			);
			runOnlyForDeploymentPostprocessing = 0;
		};
		756A4648268D332100F8F081 /* Sources */ = {
			isa = PBXSourcesBuildPhase;
			buildActionMask = 2147483647;
			files = (
			);
			runOnlyForDeploymentPostprocessing = 0;
		};
/* End PBXSourcesBuildPhase section */

/* Begin PBXTargetDependency section */
		756A4643268D332100F8F081 /* PBXTargetDependency */ = {
			isa = PBXTargetDependency;
			target = 756A462A268D331F00F8F081 /* DoReMi */;
			targetProxy = 756A4642268D332100F8F081 /* PBXContainerItemProxy */;
		};
		756A464E268D332100F8F081 /* PBXTargetDependency */ = {
			isa = PBXTargetDependency;
			target = 756A462A268D331F00F8F081 /* DoReMi */;
			targetProxy = 756A464D268D332100F8F081 /* PBXContainerItemProxy */;
		};
/* End PBXTargetDependency section */

/* Begin PBXVariantGroup section */
		756A4639268D332000F8F081 /* LaunchScreen.storyboard */ = {
			isa = PBXVariantGroup;
			children = (
				756A463A268D332000F8F081 /* Base */,
			);
			name = LaunchScreen.storyboard;
			sourceTree = "<group>";
		};
/* End PBXVariantGroup section */

/* Begin XCBuildConfiguration section */
		756A4653268D332100F8F081 /* Debug */ = {
			isa = XCBuildConfiguration;
			buildSettings = {
				ALWAYS_SEARCH_USER_PATHS = NO;
				CLANG_ANALYZER_NONNULL = YES;
				CLANG_ANALYZER_NUMBER_OBJECT_CONVERSION = YES_AGGRESSIVE;
				CLANG_CXX_LANGUAGE_STANDARD = "gnu++14";
				CLANG_CXX_LIBRARY = "libc++";
				CLANG_ENABLE_MODULES = YES;
				CLANG_ENABLE_OBJC_ARC = YES;
				CLANG_ENABLE_OBJC_WEAK = YES;
				CLANG_WARN_BLOCK_CAPTURE_AUTORELEASING = YES;
				CLANG_WARN_BOOL_CONVERSION = YES;
				CLANG_WARN_COMMA = YES;
				CLANG_WARN_CONSTANT_CONVERSION = YES;
				CLANG_WARN_DEPRECATED_OBJC_IMPLEMENTATIONS = YES;
				CLANG_WARN_DIRECT_OBJC_ISA_USAGE = YES_ERROR;
				CLANG_WARN_DOCUMENTATION_COMMENTS = YES;
				CLANG_WARN_EMPTY_BODY = YES;
				CLANG_WARN_ENUM_CONVERSION = YES;
				CLANG_WARN_INFINITE_RECURSION = YES;
				CLANG_WARN_INT_CONVERSION = YES;
				CLANG_WARN_NON_LITERAL_NULL_CONVERSION = YES;
				CLANG_WARN_OBJC_IMPLICIT_RETAIN_SELF = YES;
				CLANG_WARN_OBJC_LITERAL_CONVERSION = YES;
				CLANG_WARN_OBJC_ROOT_CLASS = YES_ERROR;
				CLANG_WARN_QUOTED_INCLUDE_IN_FRAMEWORK_HEADER = YES;
				CLANG_WARN_RANGE_LOOP_ANALYSIS = YES;
				CLANG_WARN_STRICT_PROTOTYPES = YES;
				CLANG_WARN_SUSPICIOUS_MOVE = YES;
				CLANG_WARN_UNGUARDED_AVAILABILITY = YES_AGGRESSIVE;
				CLANG_WARN_UNREACHABLE_CODE = YES;
				CLANG_WARN__DUPLICATE_METHOD_MATCH = YES;
				COPY_PHASE_STRIP = NO;
				DEBUG_INFORMATION_FORMAT = dwarf;
				ENABLE_STRICT_OBJC_MSGSEND = YES;
				ENABLE_TESTABILITY = YES;
				GCC_C_LANGUAGE_STANDARD = gnu11;
				GCC_DYNAMIC_NO_PIC = NO;
				GCC_NO_COMMON_BLOCKS = YES;
				GCC_OPTIMIZATION_LEVEL = 0;
				GCC_PREPROCESSOR_DEFINITIONS = (
					"DEBUG=1",
					"$(inherited)",
				);
				GCC_WARN_64_TO_32_BIT_CONVERSION = YES;
				GCC_WARN_ABOUT_RETURN_TYPE = YES_ERROR;
				GCC_WARN_UNDECLARED_SELECTOR = YES;
				GCC_WARN_UNINITIALIZED_AUTOS = YES_AGGRESSIVE;
				GCC_WARN_UNUSED_FUNCTION = YES;
				GCC_WARN_UNUSED_VARIABLE = YES;
				IPHONEOS_DEPLOYMENT_TARGET = 14.5;
				MTL_ENABLE_DEBUG_INFO = INCLUDE_SOURCE;
				MTL_FAST_MATH = YES;
				ONLY_ACTIVE_ARCH = YES;
				SDKROOT = iphoneos;
				SWIFT_ACTIVE_COMPILATION_CONDITIONS = DEBUG;
				SWIFT_OPTIMIZATION_LEVEL = "-Onone";
			};
			name = Debug;
		};
		756A4654268D332100F8F081 /* Release */ = {
			isa = XCBuildConfiguration;
			buildSettings = {
				ALWAYS_SEARCH_USER_PATHS = NO;
				CLANG_ANALYZER_NONNULL = YES;
				CLANG_ANALYZER_NUMBER_OBJECT_CONVERSION = YES_AGGRESSIVE;
				CLANG_CXX_LANGUAGE_STANDARD = "gnu++14";
				CLANG_CXX_LIBRARY = "libc++";
				CLANG_ENABLE_MODULES = YES;
				CLANG_ENABLE_OBJC_ARC = YES;
				CLANG_ENABLE_OBJC_WEAK = YES;
				CLANG_WARN_BLOCK_CAPTURE_AUTORELEASING = YES;
				CLANG_WARN_BOOL_CONVERSION = YES;
				CLANG_WARN_COMMA = YES;
				CLANG_WARN_CONSTANT_CONVERSION = YES;
				CLANG_WARN_DEPRECATED_OBJC_IMPLEMENTATIONS = YES;
				CLANG_WARN_DIRECT_OBJC_ISA_USAGE = YES_ERROR;
				CLANG_WARN_DOCUMENTATION_COMMENTS = YES;
				CLANG_WARN_EMPTY_BODY = YES;
				CLANG_WARN_ENUM_CONVERSION = YES;
				CLANG_WARN_INFINITE_RECURSION = YES;
				CLANG_WARN_INT_CONVERSION = YES;
				CLANG_WARN_NON_LITERAL_NULL_CONVERSION = YES;
				CLANG_WARN_OBJC_IMPLICIT_RETAIN_SELF = YES;
				CLANG_WARN_OBJC_LITERAL_CONVERSION = YES;
				CLANG_WARN_OBJC_ROOT_CLASS = YES_ERROR;
				CLANG_WARN_QUOTED_INCLUDE_IN_FRAMEWORK_HEADER = YES;
				CLANG_WARN_RANGE_LOOP_ANALYSIS = YES;
				CLANG_WARN_STRICT_PROTOTYPES = YES;
				CLANG_WARN_SUSPICIOUS_MOVE = YES;
				CLANG_WARN_UNGUARDED_AVAILABILITY = YES_AGGRESSIVE;
				CLANG_WARN_UNREACHABLE_CODE = YES;
				CLANG_WARN__DUPLICATE_METHOD_MATCH = YES;
				COPY_PHASE_STRIP = NO;
				DEBUG_INFORMATION_FORMAT = "dwarf-with-dsym";
				ENABLE_NS_ASSERTIONS = NO;
				ENABLE_STRICT_OBJC_MSGSEND = YES;
				GCC_C_LANGUAGE_STANDARD = gnu11;
				GCC_NO_COMMON_BLOCKS = YES;
				GCC_WARN_64_TO_32_BIT_CONVERSION = YES;
				GCC_WARN_ABOUT_RETURN_TYPE = YES_ERROR;
				GCC_WARN_UNDECLARED_SELECTOR = YES;
				GCC_WARN_UNINITIALIZED_AUTOS = YES_AGGRESSIVE;
				GCC_WARN_UNUSED_FUNCTION = YES;
				GCC_WARN_UNUSED_VARIABLE = YES;
				IPHONEOS_DEPLOYMENT_TARGET = 14.5;
				MTL_ENABLE_DEBUG_INFO = NO;
				MTL_FAST_MATH = YES;
				SDKROOT = iphoneos;
				SWIFT_COMPILATION_MODE = wholemodule;
				SWIFT_OPTIMIZATION_LEVEL = "-O";
				VALIDATE_PRODUCT = YES;
			};
			name = Release;
		};
		756A4656268D332100F8F081 /* Debug */ = {
			isa = XCBuildConfiguration;
			baseConfigurationReference = 62E9C7E57E6F18B0A25FA41B /* Pods-DoReMi.debug.xcconfig */;
			buildSettings = {
				ASSETCATALOG_COMPILER_APPICON_NAME = AppIcon;
				ASSETCATALOG_COMPILER_GLOBAL_ACCENT_COLOR_NAME = AccentColor;
				CODE_SIGN_STYLE = Automatic;
				DEBUG_INFORMATION_FORMAT = "dwarf-with-dsym";
				DEVELOPMENT_TEAM = JV98Q78HP8;
				INFOPLIST_FILE = DoReMi/Info.plist;
				IPHONEOS_DEPLOYMENT_TARGET = 13.0;
				LD_RUNPATH_SEARCH_PATHS = (
					"$(inherited)",
					"@executable_path/Frameworks",
				);
				PRODUCT_BUNDLE_IDENTIFIER = DoReMi.DoReMi;
				PRODUCT_NAME = "$(TARGET_NAME)";
				SWIFT_VERSION = 5.0;
				TARGETED_DEVICE_FAMILY = 1;
			};
			name = Debug;
		};
		756A4657268D332100F8F081 /* Release */ = {
			isa = XCBuildConfiguration;
			baseConfigurationReference = A4A71F1E452391898E187332 /* Pods-DoReMi.release.xcconfig */;
			buildSettings = {
				ASSETCATALOG_COMPILER_APPICON_NAME = AppIcon;
				ASSETCATALOG_COMPILER_GLOBAL_ACCENT_COLOR_NAME = AccentColor;
				CODE_SIGN_STYLE = Automatic;
				DEVELOPMENT_TEAM = JV98Q78HP8;
				INFOPLIST_FILE = DoReMi/Info.plist;
				IPHONEOS_DEPLOYMENT_TARGET = 13.0;
				LD_RUNPATH_SEARCH_PATHS = (
					"$(inherited)",
					"@executable_path/Frameworks",
				);
				PRODUCT_BUNDLE_IDENTIFIER = DoReMi.DoReMi;
				PRODUCT_NAME = "$(TARGET_NAME)";
				SWIFT_VERSION = 5.0;
				TARGETED_DEVICE_FAMILY = 1;
			};
			name = Release;
		};
		756A4659268D332100F8F081 /* Debug */ = {
			isa = XCBuildConfiguration;
			buildSettings = {
				ALWAYS_EMBED_SWIFT_STANDARD_LIBRARIES = YES;
				BUNDLE_LOADER = "$(TEST_HOST)";
				CODE_SIGN_STYLE = Automatic;
				INFOPLIST_FILE = DoReMiTests/Info.plist;
				IPHONEOS_DEPLOYMENT_TARGET = 14.5;
				LD_RUNPATH_SEARCH_PATHS = (
					"$(inherited)",
					"@executable_path/Frameworks",
					"@loader_path/Frameworks",
				);
				PRODUCT_BUNDLE_IDENTIFIER = DoReMi.DoReMiTests;
				PRODUCT_NAME = "$(TARGET_NAME)";
				SWIFT_VERSION = 5.0;
				TARGETED_DEVICE_FAMILY = "1,2";
				TEST_HOST = "$(BUILT_PRODUCTS_DIR)/DoReMi.app/DoReMi";
			};
			name = Debug;
		};
		756A465A268D332100F8F081 /* Release */ = {
			isa = XCBuildConfiguration;
			buildSettings = {
				ALWAYS_EMBED_SWIFT_STANDARD_LIBRARIES = YES;
				BUNDLE_LOADER = "$(TEST_HOST)";
				CODE_SIGN_STYLE = Automatic;
				INFOPLIST_FILE = DoReMiTests/Info.plist;
				IPHONEOS_DEPLOYMENT_TARGET = 14.5;
				LD_RUNPATH_SEARCH_PATHS = (
					"$(inherited)",
					"@executable_path/Frameworks",
					"@loader_path/Frameworks",
				);
				PRODUCT_BUNDLE_IDENTIFIER = DoReMi.DoReMiTests;
				PRODUCT_NAME = "$(TARGET_NAME)";
				SWIFT_VERSION = 5.0;
				TARGETED_DEVICE_FAMILY = "1,2";
				TEST_HOST = "$(BUILT_PRODUCTS_DIR)/DoReMi.app/DoReMi";
			};
			name = Release;
		};
		756A465C268D332100F8F081 /* Debug */ = {
			isa = XCBuildConfiguration;
			buildSettings = {
				ALWAYS_EMBED_SWIFT_STANDARD_LIBRARIES = YES;
				CODE_SIGN_STYLE = Automatic;
				INFOPLIST_FILE = DoReMiUITests/Info.plist;
				LD_RUNPATH_SEARCH_PATHS = (
					"$(inherited)",
					"@executable_path/Frameworks",
					"@loader_path/Frameworks",
				);
				PRODUCT_BUNDLE_IDENTIFIER = DoReMi.DoReMiUITests;
				PRODUCT_NAME = "$(TARGET_NAME)";
				SWIFT_VERSION = 5.0;
				TARGETED_DEVICE_FAMILY = "1,2";
				TEST_TARGET_NAME = DoReMi;
			};
			name = Debug;
		};
		756A465D268D332100F8F081 /* Release */ = {
			isa = XCBuildConfiguration;
			buildSettings = {
				ALWAYS_EMBED_SWIFT_STANDARD_LIBRARIES = YES;
				CODE_SIGN_STYLE = Automatic;
				INFOPLIST_FILE = DoReMiUITests/Info.plist;
				LD_RUNPATH_SEARCH_PATHS = (
					"$(inherited)",
					"@executable_path/Frameworks",
					"@loader_path/Frameworks",
				);
				PRODUCT_BUNDLE_IDENTIFIER = DoReMi.DoReMiUITests;
				PRODUCT_NAME = "$(TARGET_NAME)";
				SWIFT_VERSION = 5.0;
				TARGETED_DEVICE_FAMILY = "1,2";
				TEST_TARGET_NAME = DoReMi;
			};
			name = Release;
		};
/* End XCBuildConfiguration section */

/* Begin XCConfigurationList section */
		756A4626268D331F00F8F081 /* Build configuration list for PBXProject "DoReMi" */ = {
			isa = XCConfigurationList;
			buildConfigurations = (
				756A4653268D332100F8F081 /* Debug */,
				756A4654268D332100F8F081 /* Release */,
			);
			defaultConfigurationIsVisible = 0;
			defaultConfigurationName = Release;
		};
		756A4655268D332100F8F081 /* Build configuration list for PBXNativeTarget "DoReMi" */ = {
			isa = XCConfigurationList;
			buildConfigurations = (
				756A4656268D332100F8F081 /* Debug */,
				756A4657268D332100F8F081 /* Release */,
			);
			defaultConfigurationIsVisible = 0;
			defaultConfigurationName = Release;
		};
		756A4658268D332100F8F081 /* Build configuration list for PBXNativeTarget "DoReMiTests" */ = {
			isa = XCConfigurationList;
			buildConfigurations = (
				756A4659268D332100F8F081 /* Debug */,
				756A465A268D332100F8F081 /* Release */,
			);
			defaultConfigurationIsVisible = 0;
			defaultConfigurationName = Release;
		};
		756A465B268D332100F8F081 /* Build configuration list for PBXNativeTarget "DoReMiUITests" */ = {
			isa = XCConfigurationList;
			buildConfigurations = (
				756A465C268D332100F8F081 /* Debug */,
				756A465D268D332100F8F081 /* Release */,
			);
			defaultConfigurationIsVisible = 0;
			defaultConfigurationName = Release;
		};
/* End XCConfigurationList section */
	};
	rootObject = 756A4623268D331F00F8F081 /* Project object */;
}
